// !$*UTF8*$!
{
	archiveVersion = 1;
	classes = {
	};
	objectVersion = 56;
	objects = {

/* Begin PBXBuildFile section */
		121991192B0EE63400F2DF4A /* kylpypt2App.swift in Sources */ = {isa = PBXBuildFile; fileRef = 121991182B0EE63400F2DF4A /* kylpypt2App.swift */; };
		1219911B2B0EE63400F2DF4A /* ContentView.swift in Sources */ = {isa = PBXBuildFile; fileRef = 1219911A2B0EE63400F2DF4A /* ContentView.swift */; };
		1219911D2B0EE63500F2DF4A /* Assets.xcassets in Resources */ = {isa = PBXBuildFile; fileRef = 1219911C2B0EE63500F2DF4A /* Assets.xcassets */; };
		121991202B0EE63500F2DF4A /* Preview Assets.xcassets in Resources */ = {isa = PBXBuildFile; fileRef = 1219911F2B0EE63500F2DF4A /* Preview Assets.xcassets */; };
		121991222B0EE63500F2DF4A /* Persistence.swift in Sources */ = {isa = PBXBuildFile; fileRef = 121991212B0EE63500F2DF4A /* Persistence.swift */; };
		121991252B0EE63500F2DF4A /* kylpypt2.xcdatamodeld in Sources */ = {isa = PBXBuildFile; fileRef = 121991232B0EE63500F2DF4A /* kylpypt2.xcdatamodeld */; };
		1219912F2B0EE63500F2DF4A /* kylpypt2Tests.swift in Sources */ = {isa = PBXBuildFile; fileRef = 1219912E2B0EE63500F2DF4A /* kylpypt2Tests.swift */; };
		121991392B0EE63500F2DF4A /* kylpypt2UITests.swift in Sources */ = {isa = PBXBuildFile; fileRef = 121991382B0EE63500F2DF4A /* kylpypt2UITests.swift */; };
		1219913B2B0EE63500F2DF4A /* kylpypt2UITestsLaunchTests.swift in Sources */ = {isa = PBXBuildFile; fileRef = 1219913A2B0EE63500F2DF4A /* kylpypt2UITestsLaunchTests.swift */; };
		121991482B0F10B600F2DF4A /* jsonWebVM.swift in Sources */ = {isa = PBXBuildFile; fileRef = 121991472B0F10B600F2DF4A /* jsonWebVM.swift */; };
		1219914A2B0F191000F2DF4A /* ItemView.swift in Sources */ = {isa = PBXBuildFile; fileRef = 121991492B0F191000F2DF4A /* ItemView.swift */; };
		1219914C2B0F229F00F2DF4A /* MapView.swift in Sources */ = {isa = PBXBuildFile; fileRef = 1219914B2B0F229F00F2DF4A /* MapView.swift */; };
/* End PBXBuildFile section */

/* Begin PBXContainerItemProxy section */
		1219912B2B0EE63500F2DF4A /* PBXContainerItemProxy */ = {
			isa = PBXContainerItemProxy;
			containerPortal = 1219910D2B0EE63400F2DF4A /* Project object */;
			proxyType = 1;
			remoteGlobalIDString = 121991142B0EE63400F2DF4A;
			remoteInfo = kylpypt2;
		};
		121991352B0EE63500F2DF4A /* PBXContainerItemProxy */ = {
			isa = PBXContainerItemProxy;
			containerPortal = 1219910D2B0EE63400F2DF4A /* Project object */;
			proxyType = 1;
			remoteGlobalIDString = 121991142B0EE63400F2DF4A;
			remoteInfo = kylpypt2;
		};
/* End PBXContainerItemProxy section */

/* Begin PBXFileReference section */
		121991152B0EE63400F2DF4A /* kylpypt2.app */ = {isa = PBXFileReference; explicitFileType = wrapper.application; includeInIndex = 0; path = kylpypt2.app; sourceTree = BUILT_PRODUCTS_DIR; };
		121991182B0EE63400F2DF4A /* kylpypt2App.swift */ = {isa = PBXFileReference; lastKnownFileType = sourcecode.swift; path = kylpypt2App.swift; sourceTree = "<group>"; };
		1219911A2B0EE63400F2DF4A /* ContentView.swift */ = {isa = PBXFileReference; lastKnownFileType = sourcecode.swift; path = ContentView.swift; sourceTree = "<group>"; };
		1219911C2B0EE63500F2DF4A /* Assets.xcassets */ = {isa = PBXFileReference; lastKnownFileType = folder.assetcatalog; path = Assets.xcassets; sourceTree = "<group>"; };
		1219911F2B0EE63500F2DF4A /* Preview Assets.xcassets */ = {isa = PBXFileReference; lastKnownFileType = folder.assetcatalog; path = "Preview Assets.xcassets"; sourceTree = "<group>"; };
		121991212B0EE63500F2DF4A /* Persistence.swift */ = {isa = PBXFileReference; lastKnownFileType = sourcecode.swift; path = Persistence.swift; sourceTree = "<group>"; };
		121991242B0EE63500F2DF4A /* kylpypt2.xcdatamodel */ = {isa = PBXFileReference; lastKnownFileType = wrapper.xcdatamodel; path = kylpypt2.xcdatamodel; sourceTree = "<group>"; };
		1219912A2B0EE63500F2DF4A /* kylpypt2Tests.xctest */ = {isa = PBXFileReference; explicitFileType = wrapper.cfbundle; includeInIndex = 0; path = kylpypt2Tests.xctest; sourceTree = BUILT_PRODUCTS_DIR; };
		1219912E2B0EE63500F2DF4A /* kylpypt2Tests.swift */ = {isa = PBXFileReference; lastKnownFileType = sourcecode.swift; path = kylpypt2Tests.swift; sourceTree = "<group>"; };
		121991342B0EE63500F2DF4A /* kylpypt2UITests.xctest */ = {isa = PBXFileReference; explicitFileType = wrapper.cfbundle; includeInIndex = 0; path = kylpypt2UITests.xctest; sourceTree = BUILT_PRODUCTS_DIR; };
		121991382B0EE63500F2DF4A /* kylpypt2UITests.swift */ = {isa = PBXFileReference; lastKnownFileType = sourcecode.swift; path = kylpypt2UITests.swift; sourceTree = "<group>"; };
		1219913A2B0EE63500F2DF4A /* kylpypt2UITestsLaunchTests.swift */ = {isa = PBXFileReference; lastKnownFileType = sourcecode.swift; path = kylpypt2UITestsLaunchTests.swift; sourceTree = "<group>"; };
		121991472B0F10B600F2DF4A /* jsonWebVM.swift */ = {isa = PBXFileReference; lastKnownFileType = sourcecode.swift; path = jsonWebVM.swift; sourceTree = "<group>"; };
		121991492B0F191000F2DF4A /* ItemView.swift */ = {isa = PBXFileReference; lastKnownFileType = sourcecode.swift; path = ItemView.swift; sourceTree = "<group>"; };
		1219914B2B0F229F00F2DF4A /* MapView.swift */ = {isa = PBXFileReference; lastKnownFileType = sourcecode.swift; path = MapView.swift; sourceTree = "<group>"; };
/* End PBXFileReference section */

/* Begin PBXFrameworksBuildPhase section */
		121991122B0EE63400F2DF4A /* Frameworks */ = {
			isa = PBXFrameworksBuildPhase;
			buildActionMask = 2147483647;
			files = (
			);
			runOnlyForDeploymentPostprocessing = 0;
		};
		121991272B0EE63500F2DF4A /* Frameworks */ = {
			isa = PBXFrameworksBuildPhase;
			buildActionMask = 2147483647;
			files = (
			);
			runOnlyForDeploymentPostprocessing = 0;
		};
		121991312B0EE63500F2DF4A /* Frameworks */ = {
			isa = PBXFrameworksBuildPhase;
			buildActionMask = 2147483647;
			files = (
			);
			runOnlyForDeploymentPostprocessing = 0;
		};
/* End PBXFrameworksBuildPhase section */

/* Begin PBXGroup section */
		1219910C2B0EE63400F2DF4A = {
			isa = PBXGroup;
			children = (
				121991172B0EE63400F2DF4A /* kylpypt2 */,
				1219912D2B0EE63500F2DF4A /* kylpypt2Tests */,
				121991372B0EE63500F2DF4A /* kylpypt2UITests */,
				121991162B0EE63400F2DF4A /* Products */,
			);
			sourceTree = "<group>";
		};
		121991162B0EE63400F2DF4A /* Products */ = {
			isa = PBXGroup;
			children = (
				121991152B0EE63400F2DF4A /* kylpypt2.app */,
				1219912A2B0EE63500F2DF4A /* kylpypt2Tests.xctest */,
				121991342B0EE63500F2DF4A /* kylpypt2UITests.xctest */,
			);
			name = Products;
			sourceTree = "<group>";
		};
		121991172B0EE63400F2DF4A /* kylpypt2 */ = {
			isa = PBXGroup;
			children = (
				121991182B0EE63400F2DF4A /* kylpypt2App.swift */,
				1219911A2B0EE63400F2DF4A /* ContentView.swift */,
				1219911C2B0EE63500F2DF4A /* Assets.xcassets */,
				121991212B0EE63500F2DF4A /* Persistence.swift */,
				121991232B0EE63500F2DF4A /* kylpypt2.xcdatamodeld */,
				1219911E2B0EE63500F2DF4A /* Preview Content */,
				121991472B0F10B600F2DF4A /* jsonWebVM.swift */,
				121991492B0F191000F2DF4A /* ItemView.swift */,
				1219914B2B0F229F00F2DF4A /* MapView.swift */,
			);
			path = kylpypt2;
			sourceTree = "<group>";
		};
		1219911E2B0EE63500F2DF4A /* Preview Content */ = {
			isa = PBXGroup;
			children = (
				1219911F2B0EE63500F2DF4A /* Preview Assets.xcassets */,
			);
			path = "Preview Content";
			sourceTree = "<group>";
		};
		1219912D2B0EE63500F2DF4A /* kylpypt2Tests */ = {
			isa = PBXGroup;
			children = (
				1219912E2B0EE63500F2DF4A /* kylpypt2Tests.swift */,
			);
			path = kylpypt2Tests;
			sourceTree = "<group>";
		};
		121991372B0EE63500F2DF4A /* kylpypt2UITests */ = {
			isa = PBXGroup;
			children = (
				121991382B0EE63500F2DF4A /* kylpypt2UITests.swift */,
				1219913A2B0EE63500F2DF4A /* kylpypt2UITestsLaunchTests.swift */,
			);
			path = kylpypt2UITests;
			sourceTree = "<group>";
		};
/* End PBXGroup section */

/* Begin PBXNativeTarget section */
		121991142B0EE63400F2DF4A /* kylpypt2 */ = {
			isa = PBXNativeTarget;
			buildConfigurationList = 1219913E2B0EE63500F2DF4A /* Build configuration list for PBXNativeTarget "kylpypt2" */;
			buildPhases = (
				121991112B0EE63400F2DF4A /* Sources */,
				121991122B0EE63400F2DF4A /* Frameworks */,
				121991132B0EE63400F2DF4A /* Resources */,
			);
			buildRules = (
			);
			dependencies = (
			);
			name = kylpypt2;
			productName = kylpypt2;
			productReference = 121991152B0EE63400F2DF4A /* kylpypt2.app */;
			productType = "com.apple.product-type.application";
		};
		121991292B0EE63500F2DF4A /* kylpypt2Tests */ = {
			isa = PBXNativeTarget;
			buildConfigurationList = 121991412B0EE63500F2DF4A /* Build configuration list for PBXNativeTarget "kylpypt2Tests" */;
			buildPhases = (
				121991262B0EE63500F2DF4A /* Sources */,
				121991272B0EE63500F2DF4A /* Frameworks */,
				121991282B0EE63500F2DF4A /* Resources */,
			);
			buildRules = (
			);
			dependencies = (
				1219912C2B0EE63500F2DF4A /* PBXTargetDependency */,
			);
			name = kylpypt2Tests;
			productName = kylpypt2Tests;
			productReference = 1219912A2B0EE63500F2DF4A /* kylpypt2Tests.xctest */;
			productType = "com.apple.product-type.bundle.unit-test";
		};
		121991332B0EE63500F2DF4A /* kylpypt2UITests */ = {
			isa = PBXNativeTarget;
			buildConfigurationList = 121991442B0EE63500F2DF4A /* Build configuration list for PBXNativeTarget "kylpypt2UITests" */;
			buildPhases = (
				121991302B0EE63500F2DF4A /* Sources */,
				121991312B0EE63500F2DF4A /* Frameworks */,
				121991322B0EE63500F2DF4A /* Resources */,
			);
			buildRules = (
			);
			dependencies = (
				121991362B0EE63500F2DF4A /* PBXTargetDependency */,
			);
			name = kylpypt2UITests;
			productName = kylpypt2UITests;
			productReference = 121991342B0EE63500F2DF4A /* kylpypt2UITests.xctest */;
			productType = "com.apple.product-type.bundle.ui-testing";
		};
/* End PBXNativeTarget section */

/* Begin PBXProject section */
		1219910D2B0EE63400F2DF4A /* Project object */ = {
			isa = PBXProject;
			attributes = {
				BuildIndependentTargetsInParallel = 1;
				LastSwiftUpdateCheck = 1500;
				LastUpgradeCheck = 1500;
				TargetAttributes = {
					121991142B0EE63400F2DF4A = {
						CreatedOnToolsVersion = 15.0.1;
					};
					121991292B0EE63500F2DF4A = {
						CreatedOnToolsVersion = 15.0.1;
						TestTargetID = 121991142B0EE63400F2DF4A;
					};
					121991332B0EE63500F2DF4A = {
						CreatedOnToolsVersion = 15.0.1;
						TestTargetID = 121991142B0EE63400F2DF4A;
					};
				};
			};
			buildConfigurationList = 121991102B0EE63400F2DF4A /* Build configuration list for PBXProject "kylpypt2" */;
			compatibilityVersion = "Xcode 14.0";
			developmentRegion = en;
			hasScannedForEncodings = 0;
			knownRegions = (
				en,
				Base,
			);
			mainGroup = 1219910C2B0EE63400F2DF4A;
			productRefGroup = 121991162B0EE63400F2DF4A /* Products */;
			projectDirPath = "";
			projectRoot = "";
			targets = (
				121991142B0EE63400F2DF4A /* kylpypt2 */,
				121991292B0EE63500F2DF4A /* kylpypt2Tests */,
				121991332B0EE63500F2DF4A /* kylpypt2UITests */,
			);
		};
/* End PBXProject section */

/* Begin PBXResourcesBuildPhase section */
		121991132B0EE63400F2DF4A /* Resources */ = {
			isa = PBXResourcesBuildPhase;
			buildActionMask = 2147483647;
			files = (
				121991202B0EE63500F2DF4A /* Preview Assets.xcassets in Resources */,
				1219911D2B0EE63500F2DF4A /* Assets.xcassets in Resources */,
			);
			runOnlyForDeploymentPostprocessing = 0;
		};
		121991282B0EE63500F2DF4A /* Resources */ = {
			isa = PBXResourcesBuildPhase;
			buildActionMask = 2147483647;
			files = (
			);
			runOnlyForDeploymentPostprocessing = 0;
		};
		121991322B0EE63500F2DF4A /* Resources */ = {
			isa = PBXResourcesBuildPhase;
			buildActionMask = 2147483647;
			files = (
			);
			runOnlyForDeploymentPostprocessing = 0;
		};
/* End PBXResourcesBuildPhase section */

/* Begin PBXSourcesBuildPhase section */
		121991112B0EE63400F2DF4A /* Sources */ = {
			isa = PBXSourcesBuildPhase;
			buildActionMask = 2147483647;
			files = (
				1219914C2B0F229F00F2DF4A /* MapView.swift in Sources */,
				121991482B0F10B600F2DF4A /* jsonWebVM.swift in Sources */,
				1219914A2B0F191000F2DF4A /* ItemView.swift in Sources */,
				121991252B0EE63500F2DF4A /* kylpypt2.xcdatamodeld in Sources */,
				121991222B0EE63500F2DF4A /* Persistence.swift in Sources */,
				1219911B2B0EE63400F2DF4A /* ContentView.swift in Sources */,
				121991192B0EE63400F2DF4A /* kylpypt2App.swift in Sources */,
			);
			runOnlyForDeploymentPostprocessing = 0;
		};
		121991262B0EE63500F2DF4A /* Sources */ = {
			isa = PBXSourcesBuildPhase;
			buildActionMask = 2147483647;
			files = (
				1219912F2B0EE63500F2DF4A /* kylpypt2Tests.swift in Sources */,
			);
			runOnlyForDeploymentPostprocessing = 0;
		};
		121991302B0EE63500F2DF4A /* Sources */ = {
			isa = PBXSourcesBuildPhase;
			buildActionMask = 2147483647;
			files = (
				1219913B2B0EE63500F2DF4A /* kylpypt2UITestsLaunchTests.swift in Sources */,
				121991392B0EE63500F2DF4A /* kylpypt2UITests.swift in Sources */,
			);
			runOnlyForDeploymentPostprocessing = 0;
		};
/* End PBXSourcesBuildPhase section */

/* Begin PBXTargetDependency section */
		1219912C2B0EE63500F2DF4A /* PBXTargetDependency */ = {
			isa = PBXTargetDependency;
			target = 121991142B0EE63400F2DF4A /* kylpypt2 */;
			targetProxy = 1219912B2B0EE63500F2DF4A /* PBXContainerItemProxy */;
		};
		121991362B0EE63500F2DF4A /* PBXTargetDependency */ = {
			isa = PBXTargetDependency;
			target = 121991142B0EE63400F2DF4A /* kylpypt2 */;
			targetProxy = 121991352B0EE63500F2DF4A /* PBXContainerItemProxy */;
		};
/* End PBXTargetDependency section */

/* Begin XCBuildConfiguration section */
		1219913C2B0EE63500F2DF4A /* Debug */ = {
			isa = XCBuildConfiguration;
			buildSettings = {
				ALWAYS_SEARCH_USER_PATHS = NO;
				ASSETCATALOG_COMPILER_GENERATE_SWIFT_ASSET_SYMBOL_EXTENSIONS = YES;
				CLANG_ANALYZER_NONNULL = YES;
				CLANG_ANALYZER_NUMBER_OBJECT_CONVERSION = YES_AGGRESSIVE;
				CLANG_CXX_LANGUAGE_STANDARD = "gnu++20";
				CLANG_ENABLE_MODULES = YES;
				CLANG_ENABLE_OBJC_ARC = YES;
				CLANG_ENABLE_OBJC_WEAK = YES;
				CLANG_WARN_BLOCK_CAPTURE_AUTORELEASING = YES;
				CLANG_WARN_BOOL_CONVERSION = YES;
				CLANG_WARN_COMMA = YES;
				CLANG_WARN_CONSTANT_CONVERSION = YES;
				CLANG_WARN_DEPRECATED_OBJC_IMPLEMENTATIONS = YES;
				CLANG_WARN_DIRECT_OBJC_ISA_USAGE = YES_ERROR;
				CLANG_WARN_DOCUMENTATION_COMMENTS = YES;
				CLANG_WARN_EMPTY_BODY = YES;
				CLANG_WARN_ENUM_CONVERSION = YES;
				CLANG_WARN_INFINITE_RECURSION = YES;
				CLANG_WARN_INT_CONVERSION = YES;
				CLANG_WARN_NON_LITERAL_NULL_CONVERSION = YES;
				CLANG_WARN_OBJC_IMPLICIT_RETAIN_SELF = YES;
				CLANG_WARN_OBJC_LITERAL_CONVERSION = YES;
				CLANG_WARN_OBJC_ROOT_CLASS = YES_ERROR;
				CLANG_WARN_QUOTED_INCLUDE_IN_FRAMEWORK_HEADER = YES;
				CLANG_WARN_RANGE_LOOP_ANALYSIS = YES;
				CLANG_WARN_STRICT_PROTOTYPES = YES;
				CLANG_WARN_SUSPICIOUS_MOVE = YES;
				CLANG_WARN_UNGUARDED_AVAILABILITY = YES_AGGRESSIVE;
				CLANG_WARN_UNREACHABLE_CODE = YES;
				CLANG_WARN__DUPLICATE_METHOD_MATCH = YES;
				COPY_PHASE_STRIP = NO;
				DEBUG_INFORMATION_FORMAT = dwarf;
				ENABLE_STRICT_OBJC_MSGSEND = YES;
				ENABLE_TESTABILITY = YES;
				ENABLE_USER_SCRIPT_SANDBOXING = YES;
				GCC_C_LANGUAGE_STANDARD = gnu17;
				GCC_DYNAMIC_NO_PIC = NO;
				GCC_NO_COMMON_BLOCKS = YES;
				GCC_OPTIMIZATION_LEVEL = 0;
				GCC_PREPROCESSOR_DEFINITIONS = (
					"DEBUG=1",
					"$(inherited)",
				);
				GCC_WARN_64_TO_32_BIT_CONVERSION = YES;
				GCC_WARN_ABOUT_RETURN_TYPE = YES_ERROR;
				GCC_WARN_UNDECLARED_SELECTOR = YES;
				GCC_WARN_UNINITIALIZED_AUTOS = YES_AGGRESSIVE;
				GCC_WARN_UNUSED_FUNCTION = YES;
				GCC_WARN_UNUSED_VARIABLE = YES;
				IPHONEOS_DEPLOYMENT_TARGET = 17.0;
				LOCALIZATION_PREFERS_STRING_CATALOGS = YES;
				MTL_ENABLE_DEBUG_INFO = INCLUDE_SOURCE;
				MTL_FAST_MATH = YES;
				ONLY_ACTIVE_ARCH = YES;
				SDKROOT = iphoneos;
				SWIFT_ACTIVE_COMPILATION_CONDITIONS = "DEBUG $(inherited)";
				SWIFT_OPTIMIZATION_LEVEL = "-Onone";
			};
			name = Debug;
		};
		1219913D2B0EE63500F2DF4A /* Release */ = {
			isa = XCBuildConfiguration;
			buildSettings = {
				ALWAYS_SEARCH_USER_PATHS = NO;
				ASSETCATALOG_COMPILER_GENERATE_SWIFT_ASSET_SYMBOL_EXTENSIONS = YES;
				CLANG_ANALYZER_NONNULL = YES;
				CLANG_ANALYZER_NUMBER_OBJECT_CONVERSION = YES_AGGRESSIVE;
				CLANG_CXX_LANGUAGE_STANDARD = "gnu++20";
				CLANG_ENABLE_MODULES = YES;
				CLANG_ENABLE_OBJC_ARC = YES;
				CLANG_ENABLE_OBJC_WEAK = YES;
				CLANG_WARN_BLOCK_CAPTURE_AUTORELEASING = YES;
				CLANG_WARN_BOOL_CONVERSION = YES;
				CLANG_WARN_COMMA = YES;
				CLANG_WARN_CONSTANT_CONVERSION = YES;
				CLANG_WARN_DEPRECATED_OBJC_IMPLEMENTATIONS = YES;
				CLANG_WARN_DIRECT_OBJC_ISA_USAGE = YES_ERROR;
				CLANG_WARN_DOCUMENTATION_COMMENTS = YES;
				CLANG_WARN_EMPTY_BODY = YES;
				CLANG_WARN_ENUM_CONVERSION = YES;
				CLANG_WARN_INFINITE_RECURSION = YES;
				CLANG_WARN_INT_CONVERSION = YES;
				CLANG_WARN_NON_LITERAL_NULL_CONVERSION = YES;
				CLANG_WARN_OBJC_IMPLICIT_RETAIN_SELF = YES;
				CLANG_WARN_OBJC_LITERAL_CONVERSION = YES;
				CLANG_WARN_OBJC_ROOT_CLASS = YES_ERROR;
				CLANG_WARN_QUOTED_INCLUDE_IN_FRAMEWORK_HEADER = YES;
				CLANG_WARN_RANGE_LOOP_ANALYSIS = YES;
				CLANG_WARN_STRICT_PROTOTYPES = YES;
				CLANG_WARN_SUSPICIOUS_MOVE = YES;
				CLANG_WARN_UNGUARDED_AVAILABILITY = YES_AGGRESSIVE;
				CLANG_WARN_UNREACHABLE_CODE = YES;
				CLANG_WARN__DUPLICATE_METHOD_MATCH = YES;
				COPY_PHASE_STRIP = NO;
				DEBUG_INFORMATION_FORMAT = "dwarf-with-dsym";
				ENABLE_NS_ASSERTIONS = NO;
				ENABLE_STRICT_OBJC_MSGSEND = YES;
				ENABLE_USER_SCRIPT_SANDBOXING = YES;
				GCC_C_LANGUAGE_STANDARD = gnu17;
				GCC_NO_COMMON_BLOCKS = YES;
				GCC_WARN_64_TO_32_BIT_CONVERSION = YES;
				GCC_WARN_ABOUT_RETURN_TYPE = YES_ERROR;
				GCC_WARN_UNDECLARED_SELECTOR = YES;
				GCC_WARN_UNINITIALIZED_AUTOS = YES_AGGRESSIVE;
				GCC_WARN_UNUSED_FUNCTION = YES;
				GCC_WARN_UNUSED_VARIABLE = YES;
				IPHONEOS_DEPLOYMENT_TARGET = 17.0;
				LOCALIZATION_PREFERS_STRING_CATALOGS = YES;
				MTL_ENABLE_DEBUG_INFO = NO;
				MTL_FAST_MATH = YES;
				SDKROOT = iphoneos;
				SWIFT_COMPILATION_MODE = wholemodule;
				VALIDATE_PRODUCT = YES;
			};
			name = Release;
		};
		1219913F2B0EE63500F2DF4A /* Debug */ = {
			isa = XCBuildConfiguration;
			buildSettings = {
				ASSETCATALOG_COMPILER_APPICON_NAME = AppIcon;
				ASSETCATALOG_COMPILER_GLOBAL_ACCENT_COLOR_NAME = AccentColor;
				CODE_SIGN_STYLE = Automatic;
				CURRENT_PROJECT_VERSION = 1;
				DEVELOPMENT_ASSET_PATHS = "\"kylpypt2/Preview Content\"";
				ENABLE_PREVIEWS = YES;
				GENERATE_INFOPLIST_FILE = YES;
				INFOPLIST_KEY_UIApplicationSceneManifest_Generation = YES;
				INFOPLIST_KEY_UIApplicationSupportsIndirectInputEvents = YES;
				INFOPLIST_KEY_UILaunchScreen_Generation = YES;
				INFOPLIST_KEY_UISupportedInterfaceOrientations_iPad = "UIInterfaceOrientationPortrait UIInterfaceOrientationPortraitUpsideDown UIInterfaceOrientationLandscapeLeft UIInterfaceOrientationLandscapeRight";
				INFOPLIST_KEY_UISupportedInterfaceOrientations_iPhone = "UIInterfaceOrientationPortrait UIInterfaceOrientationLandscapeLeft UIInterfaceOrientationLandscapeRight";
				LD_RUNPATH_SEARCH_PATHS = (
					"$(inherited)",
					"@executable_path/Frameworks",
				);
				MARKETING_VERSION = 1.0;
				PRODUCT_BUNDLE_IDENTIFIER = dev.lwilson.cse335.kylpypt2;
				PRODUCT_NAME = "$(TARGET_NAME)";
				SWIFT_EMIT_LOC_STRINGS = YES;
				SWIFT_VERSION = 5.0;
				TARGETED_DEVICE_FAMILY = "1,2";
			};
			name = Debug;
		};
		121991402B0EE63500F2DF4A /* Release */ = {
			isa = XCBuildConfiguration;
			buildSettings = {
				ASSETCATALOG_COMPILER_APPICON_NAME = AppIcon;
				ASSETCATALOG_COMPILER_GLOBAL_ACCENT_COLOR_NAME = AccentColor;
				CODE_SIGN_STYLE = Automatic;
				CURRENT_PROJECT_VERSION = 1;
				DEVELOPMENT_ASSET_PATHS = "\"kylpypt2/Preview Content\"";
				ENABLE_PREVIEWS = YES;
				GENERATE_INFOPLIST_FILE = YES;
				INFOPLIST_KEY_UIApplicationSceneManifest_Generation = YES;
				INFOPLIST_KEY_UIApplicationSupportsIndirectInputEvents = YES;
				INFOPLIST_KEY_UILaunchScreen_Generation = YES;
				INFOPLIST_KEY_UISupportedInterfaceOrientations_iPad = "UIInterfaceOrientationPortrait UIInterfaceOrientationPortraitUpsideDown UIInterfaceOrientationLandscapeLeft UIInterfaceOrientationLandscapeRight";
				INFOPLIST_KEY_UISupportedInterfaceOrientations_iPhone = "UIInterfaceOrientationPortrait UIInterfaceOrientationLandscapeLeft UIInterfaceOrientationLandscapeRight";
				LD_RUNPATH_SEARCH_PATHS = (
					"$(inherited)",
					"@executable_path/Frameworks",
				);
				MARKETING_VERSION = 1.0;
				PRODUCT_BUNDLE_IDENTIFIER = dev.lwilson.cse335.kylpypt2;
				PRODUCT_NAME = "$(TARGET_NAME)";
				SWIFT_EMIT_LOC_STRINGS = YES;
				SWIFT_VERSION = 5.0;
				TARGETED_DEVICE_FAMILY = "1,2";
			};
			name = Release;
		};
		121991422B0EE63500F2DF4A /* Debug */ = {
			isa = XCBuildConfiguration;
			buildSettings = {
				ALWAYS_EMBED_SWIFT_STANDARD_LIBRARIES = YES;
				BUNDLE_LOADER = "$(TEST_HOST)";
				CODE_SIGN_STYLE = Automatic;
				CURRENT_PROJECT_VERSION = 1;
				GENERATE_INFOPLIST_FILE = YES;
				IPHONEOS_DEPLOYMENT_TARGET = 17.0;
				MARKETING_VERSION = 1.0;
				PRODUCT_BUNDLE_IDENTIFIER = dev.lwilson.cse335.kylpypt2Tests;
				PRODUCT_NAME = "$(TARGET_NAME)";
				SWIFT_EMIT_LOC_STRINGS = NO;
				SWIFT_VERSION = 5.0;
				TARGETED_DEVICE_FAMILY = "1,2";
				TEST_HOST = "$(BUILT_PRODUCTS_DIR)/kylpypt2.app/$(BUNDLE_EXECUTABLE_FOLDER_PATH)/kylpypt2";
			};
			name = Debug;
		};
		121991432B0EE63500F2DF4A /* Release */ = {
			isa = XCBuildConfiguration;
			buildSettings = {
				ALWAYS_EMBED_SWIFT_STANDARD_LIBRARIES = YES;
				BUNDLE_LOADER = "$(TEST_HOST)";
				CODE_SIGN_STYLE = Automatic;
				CURRENT_PROJECT_VERSION = 1;
				GENERATE_INFOPLIST_FILE = YES;
				IPHONEOS_DEPLOYMENT_TARGET = 17.0;
				MARKETING_VERSION = 1.0;
				PRODUCT_BUNDLE_IDENTIFIER = dev.lwilson.cse335.kylpypt2Tests;
				PRODUCT_NAME = "$(TARGET_NAME)";
				SWIFT_EMIT_LOC_STRINGS = NO;
				SWIFT_VERSION = 5.0;
				TARGETED_DEVICE_FAMILY = "1,2";
				TEST_HOST = "$(BUILT_PRODUCTS_DIR)/kylpypt2.app/$(BUNDLE_EXECUTABLE_FOLDER_PATH)/kylpypt2";
			};
			name = Release;
		};
		121991452B0EE63500F2DF4A /* Debug */ = {
			isa = XCBuildConfiguration;
			buildSettings = {
				ALWAYS_EMBED_SWIFT_STANDARD_LIBRARIES = YES;
				CODE_SIGN_STYLE = Automatic;
				CURRENT_PROJECT_VERSION = 1;
				GENERATE_INFOPLIST_FILE = YES;
				MARKETING_VERSION = 1.0;
				PRODUCT_BUNDLE_IDENTIFIER = dev.lwilson.cse335.kylpypt2UITests;
				PRODUCT_NAME = "$(TARGET_NAME)";
				SWIFT_EMIT_LOC_STRINGS = NO;
				SWIFT_VERSION = 5.0;
				TARGETED_DEVICE_FAMILY = "1,2";
				TEST_TARGET_NAME = kylpypt2;
			};
			name = Debug;
		};
		121991462B0EE63500F2DF4A /* Release */ = {
			isa = XCBuildConfiguration;
			buildSettings = {
				ALWAYS_EMBED_SWIFT_STANDARD_LIBRARIES = YES;
				CODE_SIGN_STYLE = Automatic;
				CURRENT_PROJECT_VERSION = 1;
				GENERATE_INFOPLIST_FILE = YES;
				MARKETING_VERSION = 1.0;
				PRODUCT_BUNDLE_IDENTIFIER = dev.lwilson.cse335.kylpypt2UITests;
				PRODUCT_NAME = "$(TARGET_NAME)";
				SWIFT_EMIT_LOC_STRINGS = NO;
				SWIFT_VERSION = 5.0;
				TARGETED_DEVICE_FAMILY = "1,2";
				TEST_TARGET_NAME = kylpypt2;
			};
			name = Release;
		};
/* End XCBuildConfiguration section */

/* Begin XCConfigurationList section */
		121991102B0EE63400F2DF4A /* Build configuration list for PBXProject "kylpypt2" */ = {
			isa = XCConfigurationList;
			buildConfigurations = (
				1219913C2B0EE63500F2DF4A /* Debug */,
				1219913D2B0EE63500F2DF4A /* Release */,
			);
			defaultConfigurationIsVisible = 0;
			defaultConfigurationName = Release;
		};
		1219913E2B0EE63500F2DF4A /* Build configuration list for PBXNativeTarget "kylpypt2" */ = {
			isa = XCConfigurationList;
			buildConfigurations = (
				1219913F2B0EE63500F2DF4A /* Debug */,
				121991402B0EE63500F2DF4A /* Release */,
			);
			defaultConfigurationIsVisible = 0;
			defaultConfigurationName = Release;
		};
		121991412B0EE63500F2DF4A /* Build configuration list for PBXNativeTarget "kylpypt2Tests" */ = {
			isa = XCConfigurationList;
			buildConfigurations = (
				121991422B0EE63500F2DF4A /* Debug */,
				121991432B0EE63500F2DF4A /* Release */,
			);
			defaultConfigurationIsVisible = 0;
			defaultConfigurationName = Release;
		};
		121991442B0EE63500F2DF4A /* Build configuration list for PBXNativeTarget "kylpypt2UITests" */ = {
			isa = XCConfigurationList;
			buildConfigurations = (
				121991452B0EE63500F2DF4A /* Debug */,
				121991462B0EE63500F2DF4A /* Release */,
			);
			defaultConfigurationIsVisible = 0;
			defaultConfigurationName = Release;
		};
/* End XCConfigurationList section */

/* Begin XCVersionGroup section */
		121991232B0EE63500F2DF4A /* kylpypt2.xcdatamodeld */ = {
			isa = XCVersionGroup;
			children = (
				121991242B0EE63500F2DF4A /* kylpypt2.xcdatamodel */,
			);
			currentVersion = 121991242B0EE63500F2DF4A /* kylpypt2.xcdatamodel */;
			path = kylpypt2.xcdatamodeld;
			sourceTree = "<group>";
			versionGroupType = wrapper.xcdatamodel;
		};
/* End XCVersionGroup section */
	};
	rootObject = 1219910D2B0EE63400F2DF4A /* Project object */;
}
